
Microsoft Visual Studio Solution File, Format Version 12.00
# Visual Studio 15
VisualStudioVersion = 15.0.27004.2002
MinimumVisualStudioVersion = 10.0.40219.1
Project("{9A19103F-16F7-4668-BE54-9A1E7A4F7556}") = "ArchChallenge.ServiceA", "ArchChallenge.ServiceA\ArchChallenge.ServiceA.csproj", "{9A5FF96C-3610-4715-B8E1-953E8A82200F}"
EndProject
Project("{E53339B2-1760-4266-BCC7-CA923CBCF16C}") = "docker-compose", "docker-compose.dcproj", "{268CBE8C-397C-4DD5-9C26-B21357A1D238}"
EndProject
Project("{9A19103F-16F7-4668-BE54-9A1E7A4F7556}") = "ArchChallenge.ServiceB", "ArchChallenge.ServiceB\ArchChallenge.ServiceB.csproj", "{46FB158C-0707-4273-AD1E-B6B039A3C6B6}"
EndProject
Project("{9A19103F-16F7-4668-BE54-9A1E7A4F7556}") = "ArchChallenge.SharedKernel", "ArchChallenge.SharedKernel\ArchChallenge.SharedKernel.csproj", "{6BFFEA30-211A-4A81-AA68-56ACA2C9929D}"
EndProject
Project("{2150E333-8FDC-42A3-9474-1A3956D46DE8}") = "ServiceA", "ServiceA", "{16FCA269-7F99-4FDE-B2AB-C4A0A90F4A0F}"
EndProject
Project("{2150E333-8FDC-42A3-9474-1A3956D46DE8}") = "ServiceB", "ServiceB", "{5381935D-5995-4808-B8CE-D833D1657ED9}"
EndProject
Project("{FAE04EC0-301F-11D3-BF4B-00C04F79EFBC}") = "ArchChallenge.ServiceB.Wrapper", "ArchChallenge.ServiceB.Wrapper\ArchChallenge.ServiceB.Wrapper.csproj", "{096722CB-1C87-4AFD-B32F-126F6E62E0CF}"
EndProject
Project("{9A19103F-16F7-4668-BE54-9A1E7A4F7556}") = "ArchChallenge.Infra.Core", "ArchChallenge.Infra.Core\ArchChallenge.Infra.Core.csproj", "{FE714BA8-437F-47BB-B294-B6837EEC278F}"
EndProject
Project("{FAE04EC0-301F-11D3-BF4B-00C04F79EFBC}") = "ArchChallenge.ServiceA.Application", "ArchChallenge.ServiceA.Application\ArchChallenge.ServiceA.Application.csproj", "{B7901D81-0952-4555-B628-13D05F69B08D}"
EndProject
Global
	GlobalSection(SolutionConfigurationPlatforms) = preSolution
		Debug|Any CPU = Debug|Any CPU
		Release|Any CPU = Release|Any CPU
	EndGlobalSection
	GlobalSection(ProjectConfigurationPlatforms) = postSolution
		{9A5FF96C-3610-4715-B8E1-953E8A82200F}.Debug|Any CPU.ActiveCfg = Debug|Any CPU
		{9A5FF96C-3610-4715-B8E1-953E8A82200F}.Debug|Any CPU.Build.0 = Debug|Any CPU
		{9A5FF96C-3610-4715-B8E1-953E8A82200F}.Release|Any CPU.ActiveCfg = Release|Any CPU
		{9A5FF96C-3610-4715-B8E1-953E8A82200F}.Release|Any CPU.Build.0 = Release|Any CPU
		{268CBE8C-397C-4DD5-9C26-B21357A1D238}.Debug|Any CPU.ActiveCfg = Debug|Any CPU
		{268CBE8C-397C-4DD5-9C26-B21357A1D238}.Debug|Any CPU.Build.0 = Debug|Any CPU
		{268CBE8C-397C-4DD5-9C26-B21357A1D238}.Release|Any CPU.ActiveCfg = Release|Any CPU
		{268CBE8C-397C-4DD5-9C26-B21357A1D238}.Release|Any CPU.Build.0 = Release|Any CPU
		{46FB158C-0707-4273-AD1E-B6B039A3C6B6}.Debug|Any CPU.ActiveCfg = Debug|Any CPU
		{46FB158C-0707-4273-AD1E-B6B039A3C6B6}.Debug|Any CPU.Build.0 = Debug|Any CPU
		{46FB158C-0707-4273-AD1E-B6B039A3C6B6}.Release|Any CPU.ActiveCfg = Release|Any CPU
		{46FB158C-0707-4273-AD1E-B6B039A3C6B6}.Release|Any CPU.Build.0 = Release|Any CPU
		{6BFFEA30-211A-4A81-AA68-56ACA2C9929D}.Debug|Any CPU.ActiveCfg = Debug|Any CPU
		{6BFFEA30-211A-4A81-AA68-56ACA2C9929D}.Debug|Any CPU.Build.0 = Debug|Any CPU
		{6BFFEA30-211A-4A81-AA68-56ACA2C9929D}.Release|Any CPU.ActiveCfg = Release|Any CPU
		{6BFFEA30-211A-4A81-AA68-56ACA2C9929D}.Release|Any CPU.Build.0 = Release|Any CPU
		{096722CB-1C87-4AFD-B32F-126F6E62E0CF}.Debug|Any CPU.ActiveCfg = Debug|Any CPU
		{096722CB-1C87-4AFD-B32F-126F6E62E0CF}.Debug|Any CPU.Build.0 = Debug|Any CPU
		{096722CB-1C87-4AFD-B32F-126F6E62E0CF}.Release|Any CPU.ActiveCfg = Release|Any CPU
		{096722CB-1C87-4AFD-B32F-126F6E62E0CF}.Release|Any CPU.Build.0 = Release|Any CPU
		{FE714BA8-437F-47BB-B294-B6837EEC278F}.Debug|Any CPU.ActiveCfg = Debug|Any CPU
		{FE714BA8-437F-47BB-B294-B6837EEC278F}.Debug|Any CPU.Build.0 = Debug|Any CPU
		{FE714BA8-437F-47BB-B294-B6837EEC278F}.Release|Any CPU.ActiveCfg = Release|Any CPU
		{FE714BA8-437F-47BB-B294-B6837EEC278F}.Release|Any CPU.Build.0 = Release|Any CPU
		{B7901D81-0952-4555-B628-13D05F69B08D}.Debug|Any CPU.ActiveCfg = Debug|Any CPU
		{B7901D81-0952-4555-B628-13D05F69B08D}.Debug|Any CPU.Build.0 = Debug|Any CPU
		{B7901D81-0952-4555-B628-13D05F69B08D}.Release|Any CPU.ActiveCfg = Release|Any CPU
		{B7901D81-0952-4555-B628-13D05F69B08D}.Release|Any CPU.Build.0 = Release|Any CPU
	EndGlobalSection
	GlobalSection(SolutionProperties) = preSolution
		HideSolutionNode = FALSE
	EndGlobalSection
	GlobalSection(NestedProjects) = preSolution
		{9A5FF96C-3610-4715-B8E1-953E8A82200F} = {16FCA269-7F99-4FDE-B2AB-C4A0A90F4A0F}
		{46FB158C-0707-4273-AD1E-B6B039A3C6B6} = {5381935D-5995-4808-B8CE-D833D1657ED9}
		{096722CB-1C87-4AFD-B32F-126F6E62E0CF} = {5381935D-5995-4808-B8CE-D833D1657ED9}
		{B7901D81-0952-4555-B628-13D05F69B08D} = {16FCA269-7F99-4FDE-B2AB-C4A0A90F4A0F}
	EndGlobalSection
	GlobalSection(ExtensibilityGlobals) = postSolution
		SolutionGuid = {42ACB75E-8D01-4CBD-B126-4F7001F088DE}
	EndGlobalSection
EndGlobal
